
Microsoft Visual Studio Solution File, Format Version 12.00
# Visual Studio 15
VisualStudioVersion = 15.0.26730.16
MinimumVisualStudioVersion = 10.0.40219.1
Project("{FAE04EC0-301F-11D3-BF4B-00C04F79EFBC}") = "PeppaPig's Editor", "PeppaPig's Editor\PeppaPig's Editor.csproj", "{BAC15216-EBF8-4E1C-8637-E457D71D5999}"
EndProject
Global
	GlobalSection(SolutionConfigurationPlatforms) = preSolution
		Debug|Any CPU = Debug|Any CPU
		Release|Any CPU = Release|Any CPU
	EndGlobalSection
	GlobalSection(ProjectConfigurationPlatforms) = postSolution
		{BAC15216-EBF8-4E1C-8637-E457D71D5999}.Debug|Any CPU.ActiveCfg = Debug|Any CPU
		{BAC15216-EBF8-4E1C-8637-E457D71D5999}.Debug|Any CPU.Build.0 = Debug|Any CPU
		{BAC15216-EBF8-4E1C-8637-E457D71D5999}.Release|Any CPU.ActiveCfg = Release|Any CPU
		{BAC15216-EBF8-4E1C-8637-E457D71D5999}.Release|Any CPU.Build.0 = Release|Any CPU
	EndGlobalSection
	GlobalSection(SolutionProperties) = preSolution
		HideSolutionNode = FALSE
	EndGlobalSection
	GlobalSection(ExtensibilityGlobals) = postSolution
		SolutionGuid = {20CA03E9-D52E-4959-956A-62E43FACB472}
	EndGlobalSection
EndGlobal
